
Microsoft Visual Studio Solution File, Format Version 12.00
# Visual Studio Version 16
VisualStudioVersion = 16.0.28315.86
MinimumVisualStudioVersion = 10.0.40219.1
Project("{2150E333-8FDC-42A3-9474-1A3956D46DE8}") = "Engine", "Engine", "{42FEC6E0-D2D0-4FC6-90A0-8B1DB4ED6D1D}"
EndProject
Project("{2150E333-8FDC-42A3-9474-1A3956D46DE8}") = "Games", "Games", "{8B102281-A208-4ACD-B185-26F4D91C4E5B}"
EndProject
Project("{8BC9CEB8-8B4A-11D0-8D11-00A0C91BC942}") = "UE4", "Intermediate\ProjectFiles\UE4.vcxproj", "{CF8E286F-B351-43DE-A7D3-E5FA7E4AC931}"
EndProject
Project("{8BC9CEB8-8B4A-11D0-8D11-00A0C91BC942}") = "내프로젝트", "Intermediate\ProjectFiles\내프로젝트.vcxproj", "{7FDB5827-AF8D-4E36-AE4D-B57B00B0918F}"
EndProject
Project("{2150E333-8FDC-42A3-9474-1A3956D46DE8}") = "Visualizers", "Visualizers", "{13DE88D9-CD79-4E70-B002-AE1D893DE858}"
	ProjectSection(SolutionItems) = preProject
		..\..\..\..\..\Program Files\Epic Games\UE_4.24\Engine\Extras\VisualStudioDebugging\UE4.natvis = ..\..\..\..\..\Program Files\Epic Games\UE_4.24\Engine\Extras\VisualStudioDebugging\UE4.natvis
	EndProjectSection
EndProject
Global
	GlobalSection(SolutionConfigurationPlatforms) = preSolution
		DebugGame Editor|Win32 = DebugGame Editor|Win32
		DebugGame Editor|Win64 = DebugGame Editor|Win64
		DebugGame|Win32 = DebugGame|Win32
		DebugGame|Win64 = DebugGame|Win64
		Development Editor|Win32 = Development Editor|Win32
		Development Editor|Win64 = Development Editor|Win64
		Development|Win32 = Development|Win32
		Development|Win64 = Development|Win64
		Shipping|Win32 = Shipping|Win32
		Shipping|Win64 = Shipping|Win64
	EndGlobalSection
	GlobalSection(ProjectConfigurationPlatforms) = postSolution
		{CF8E286F-B351-43DE-A7D3-E5FA7E4AC931}.DebugGame Editor|Win32.ActiveCfg = BuiltWithUnrealBuildTool|Win32
		{CF8E286F-B351-43DE-A7D3-E5FA7E4AC931}.DebugGame Editor|Win64.ActiveCfg = BuiltWithUnrealBuildTool|Win32
		{CF8E286F-B351-43DE-A7D3-E5FA7E4AC931}.DebugGame|Win32.ActiveCfg = BuiltWithUnrealBuildTool|Win32
		{CF8E286F-B351-43DE-A7D3-E5FA7E4AC931}.DebugGame|Win64.ActiveCfg = BuiltWithUnrealBuildTool|Win32
		{CF8E286F-B351-43DE-A7D3-E5FA7E4AC931}.Development Editor|Win32.ActiveCfg = BuiltWithUnrealBuildTool|Win32
		{CF8E286F-B351-43DE-A7D3-E5FA7E4AC931}.Development Editor|Win64.ActiveCfg = BuiltWithUnrealBuildTool|Win32
		{CF8E286F-B351-43DE-A7D3-E5FA7E4AC931}.Development|Win32.ActiveCfg = BuiltWithUnrealBuildTool|Win32
		{CF8E286F-B351-43DE-A7D3-E5FA7E4AC931}.Development|Win64.ActiveCfg = BuiltWithUnrealBuildTool|Win32
		{CF8E286F-B351-43DE-A7D3-E5FA7E4AC931}.Shipping|Win32.ActiveCfg = BuiltWithUnrealBuildTool|Win32
		{CF8E286F-B351-43DE-A7D3-E5FA7E4AC931}.Shipping|Win64.ActiveCfg = BuiltWithUnrealBuildTool|Win32
		{7FDB5827-AF8D-4E36-AE4D-B57B00B0918F}.DebugGame Editor|Win32.ActiveCfg = Invalid|Win32
		{7FDB5827-AF8D-4E36-AE4D-B57B00B0918F}.DebugGame Editor|Win64.ActiveCfg = DebugGame_Editor|x64
		{7FDB5827-AF8D-4E36-AE4D-B57B00B0918F}.DebugGame Editor|Win64.Build.0 = DebugGame_Editor|x64
		{7FDB5827-AF8D-4E36-AE4D-B57B00B0918F}.DebugGame|Win32.ActiveCfg = DebugGame|Win32
		{7FDB5827-AF8D-4E36-AE4D-B57B00B0918F}.DebugGame|Win32.Build.0 = DebugGame|Win32
		{7FDB5827-AF8D-4E36-AE4D-B57B00B0918F}.DebugGame|Win64.ActiveCfg = DebugGame|x64
		{7FDB5827-AF8D-4E36-AE4D-B57B00B0918F}.DebugGame|Win64.Build.0 = DebugGame|x64
		{7FDB5827-AF8D-4E36-AE4D-B57B00B0918F}.Development Editor|Win32.ActiveCfg = Invalid|Win32
		{7FDB5827-AF8D-4E36-AE4D-B57B00B0918F}.Development Editor|Win64.ActiveCfg = Development_Editor|x64
		{7FDB5827-AF8D-4E36-AE4D-B57B00B0918F}.Development Editor|Win64.Build.0 = Development_Editor|x64
		{7FDB5827-AF8D-4E36-AE4D-B57B00B0918F}.Development|Win32.ActiveCfg = Development|Win32
		{7FDB5827-AF8D-4E36-AE4D-B57B00B0918F}.Development|Win32.Build.0 = Development|Win32
		{7FDB5827-AF8D-4E36-AE4D-B57B00B0918F}.Development|Win64.ActiveCfg = Development|x64
		{7FDB5827-AF8D-4E36-AE4D-B57B00B0918F}.Development|Win64.Build.0 = Development|x64
		{7FDB5827-AF8D-4E36-AE4D-B57B00B0918F}.Shipping|Win32.ActiveCfg = Shipping|Win32
		{7FDB5827-AF8D-4E36-AE4D-B57B00B0918F}.Shipping|Win32.Build.0 = Shipping|Win32
		{7FDB5827-AF8D-4E36-AE4D-B57B00B0918F}.Shipping|Win64.ActiveCfg = Shipping|x64
		{7FDB5827-AF8D-4E36-AE4D-B57B00B0918F}.Shipping|Win64.Build.0 = Shipping|x64
	EndGlobalSection
	GlobalSection(SolutionProperties) = preSolution
		HideSolutionNode = FALSE
	EndGlobalSection
	GlobalSection(NestedProjects) = preSolution
		{CF8E286F-B351-43DE-A7D3-E5FA7E4AC931} = {42FEC6E0-D2D0-4FC6-90A0-8B1DB4ED6D1D}
		{7FDB5827-AF8D-4E36-AE4D-B57B00B0918F} = {8B102281-A208-4ACD-B185-26F4D91C4E5B}
	EndGlobalSection
EndGlobal
